
Microsoft Visual Studio Solution File, Format Version 12.00
# Visual Studio 2012
Project("{FAE04EC0-301F-11D3-BF4B-00C04F79EFBC}") = "Gmailsys2", "Gmailsys2\Gmailsys2.csproj", "{C9F2D497-2814-48CD-93AB-588889F87C69}"
EndProject
Global
	GlobalSection(SolutionConfigurationPlatforms) = preSolution
		Debug|Any CPU = Debug|Any CPU
		Release|Any CPU = Release|Any CPU
	EndGlobalSection
	GlobalSection(ProjectConfigurationPlatforms) = postSolution
		{C9F2D497-2814-48CD-93AB-588889F87C69}.Debug|Any CPU.ActiveCfg = Debug|Any CPU
		{C9F2D497-2814-48CD-93AB-588889F87C69}.Debug|Any CPU.Build.0 = Debug|Any CPU
		{C9F2D497-2814-48CD-93AB-588889F87C69}.Release|Any CPU.ActiveCfg = Release|Any CPU
	EndGlobalSection
	GlobalSection(SolutionProperties) = preSolution
		HideSolutionNode = FALSE
	EndGlobalSection
EndGlobal
